# This file is autogenerated, do not edit; changes may be undone by the next 'dep ensure'.


[[projects]]
  name = "github.com/satori/go.uuid"
  packages = ["."]
  revision = "879c5887cd475cd7864858769793b2ceb0d44feb"
  version = "v1.1.0"

[solve-meta]
  analyzer-name = "dep"
  analyzer-version = 1
  inputs-digest = "ba7c1d9fe07de9d2a19113a6f056f20755b323782f5030d46d14f59c9da75b6a"
  solver-name = "gps-cdcl"
  solver-version = 1
